// !$*UTF8*$!
{
	archiveVersion = 1;
	classes = {
	};
	objectVersion = 50;
	objects = {

/* Begin PBXBuildFile section */
		C23EC7C6240EBCDD00DB1B9E /* AppDelegate.swift in Sources */ = {isa = PBXBuildFile; fileRef = C23EC7C5240EBCDD00DB1B9E /* AppDelegate.swift */; };
		C23EC7C8240EBCDD00DB1B9E /* SceneDelegate.swift in Sources */ = {isa = PBXBuildFile; fileRef = C23EC7C7240EBCDD00DB1B9E /* SceneDelegate.swift */; };
		C23EC7CA240EBCDD00DB1B9E /* ViewController.swift in Sources */ = {isa = PBXBuildFile; fileRef = C23EC7C9240EBCDD00DB1B9E /* ViewController.swift */; };
		C23EC7CD240EBCDD00DB1B9E /* Main.storyboard in Resources */ = {isa = PBXBuildFile; fileRef = C23EC7CB240EBCDD00DB1B9E /* Main.storyboard */; };
		C23EC7CF240EBCDE00DB1B9E /* Assets.xcassets in Resources */ = {isa = PBXBuildFile; fileRef = C23EC7CE240EBCDE00DB1B9E /* Assets.xcassets */; };
		C23EC7D2240EBCDE00DB1B9E /* LaunchScreen.storyboard in Resources */ = {isa = PBXBuildFile; fileRef = C23EC7D0240EBCDE00DB1B9E /* LaunchScreen.storyboard */; };
		C2FF1A9A241537B1003987A6 /* DetailsViewController.swift in Sources */ = {isa = PBXBuildFile; fileRef = C2FF1A99241537B1003987A6 /* DetailsViewController.swift */; };
/* End PBXBuildFile section */

/* Begin PBXFileReference section */
		C23EC7C2240EBCDD00DB1B9E /* HTTPMethodsExample.app */ = {isa = PBXFileReference; explicitFileType = wrapper.application; includeInIndex = 0; path = HTTPMethodsExample.app; sourceTree = BUILT_PRODUCTS_DIR; };
		C23EC7C5240EBCDD00DB1B9E /* AppDelegate.swift */ = {isa = PBXFileReference; lastKnownFileType = sourcecode.swift; path = AppDelegate.swift; sourceTree = "<group>"; };
		C23EC7C7240EBCDD00DB1B9E /* SceneDelegate.swift */ = {isa = PBXFileReference; lastKnownFileType = sourcecode.swift; path = SceneDelegate.swift; sourceTree = "<group>"; };
		C23EC7C9240EBCDD00DB1B9E /* ViewController.swift */ = {isa = PBXFileReference; lastKnownFileType = sourcecode.swift; path = ViewController.swift; sourceTree = "<group>"; };
		C23EC7CC240EBCDD00DB1B9E /* Base */ = {isa = PBXFileReference; lastKnownFileType = file.storyboard; name = Base; path = Base.lproj/Main.storyboard; sourceTree = "<group>"; };
		C23EC7CE240EBCDE00DB1B9E /* Assets.xcassets */ = {isa = PBXFileReference; lastKnownFileType = folder.assetcatalog; path = Assets.xcassets; sourceTree = "<group>"; };
		C23EC7D1240EBCDE00DB1B9E /* Base */ = {isa = PBXFileReference; lastKnownFileType = file.storyboard; name = Base; path = Base.lproj/LaunchScreen.storyboard; sourceTree = "<group>"; };
		C23EC7D3240EBCDE00DB1B9E /* Info.plist */ = {isa = PBXFileReference; lastKnownFileType = text.plist.xml; path = Info.plist; sourceTree = "<group>"; };
		C2FF1A99241537B1003987A6 /* DetailsViewController.swift */ = {isa = PBXFileReference; lastKnownFileType = sourcecode.swift; path = DetailsViewController.swift; sourceTree = "<group>"; };
/* End PBXFileReference section */

/* Begin PBXFrameworksBuildPhase section */
		C23EC7BF240EBCDD00DB1B9E /* Frameworks */ = {
			isa = PBXFrameworksBuildPhase;
			buildActionMask = 2147483647;
			files = (
			);
			runOnlyForDeploymentPostprocessing = 0;
		};
/* End PBXFrameworksBuildPhase section */

/* Begin PBXGroup section */
		C23EC7B9240EBCDD00DB1B9E = {
			isa = PBXGroup;
			children = (
				C23EC7C4240EBCDD00DB1B9E /* HTTPMethodsExample */,
				C23EC7C3240EBCDD00DB1B9E /* Products */,
			);
			sourceTree = "<group>";
		};
		C23EC7C3240EBCDD00DB1B9E /* Products */ = {
			isa = PBXGroup;
			children = (
				C23EC7C2240EBCDD00DB1B9E /* HTTPMethodsExample.app */,
			);
			name = Products;
			sourceTree = "<group>";
		};
		C23EC7C4240EBCDD00DB1B9E /* HTTPMethodsExample */ = {
			isa = PBXGroup;
			children = (
				C23EC7C5240EBCDD00DB1B9E /* AppDelegate.swift */,
				C23EC7C7240EBCDD00DB1B9E /* SceneDelegate.swift */,
				C23EC7C9240EBCDD00DB1B9E /* ViewController.swift */,
				C2FF1A99241537B1003987A6 /* DetailsViewController.swift */,
				C23EC7CB240EBCDD00DB1B9E /* Main.storyboard */,
				C23EC7CE240EBCDE00DB1B9E /* Assets.xcassets */,
				C23EC7D0240EBCDE00DB1B9E /* LaunchScreen.storyboard */,
				C23EC7D3240EBCDE00DB1B9E /* Info.plist */,
			);
			path = HTTPMethodsExample;
			sourceTree = "<group>";
		};
/* End PBXGroup section */

/* Begin PBXNativeTarget section */
		C23EC7C1240EBCDD00DB1B9E /* HTTPMethodsExample */ = {
			isa = PBXNativeTarget;
			buildConfigurationList = C23EC7D6240EBCDE00DB1B9E /* Build configuration list for PBXNativeTarget "HTTPMethodsExample" */;
			buildPhases = (
				C23EC7BE240EBCDD00DB1B9E /* Sources */,
				C23EC7BF240EBCDD00DB1B9E /* Frameworks */,
				C23EC7C0240EBCDD00DB1B9E /* Resources */,
			);
			buildRules = (
			);
			dependencies = (
			);
			name = HTTPMethodsExample;
			productName = HTTPMethodsExample;
			productReference = C23EC7C2240EBCDD00DB1B9E /* HTTPMethodsExample.app */;
			productType = "com.apple.product-type.application";
		};
/* End PBXNativeTarget section */

/* Begin PBXProject section */
		C23EC7BA240EBCDD00DB1B9E /* Project object */ = {
			isa = PBXProject;
			attributes = {
				LastSwiftUpdateCheck = 1130;
				LastUpgradeCheck = 1130;
				ORGANIZATIONNAME = "John Codeos";
				TargetAttributes = {
					C23EC7C1240EBCDD00DB1B9E = {
						CreatedOnToolsVersion = 11.3.1;
					};
				};
			};
			buildConfigurationList = C23EC7BD240EBCDD00DB1B9E /* Build configuration list for PBXProject "HTTPMethodsExample" */;
			compatibilityVersion = "Xcode 9.3";
			developmentRegion = en;
			hasScannedForEncodings = 0;
			knownRegions = (
				en,
				Base,
			);
			mainGroup = C23EC7B9240EBCDD00DB1B9E;
			productRefGroup = C23EC7C3240EBCDD00DB1B9E /* Products */;
			projectDirPath = "";
			projectRoot = "";
			targets = (
				C23EC7C1240EBCDD00DB1B9E /* HTTPMethodsExample */,
			);
		};
/* End PBXProject section */

/* Begin PBXResourcesBuildPhase section */
		C23EC7C0240EBCDD00DB1B9E /* Resources */ = {
			isa = PBXResourcesBuildPhase;
			buildActionMask = 2147483647;
			files = (
				C23EC7D2240EBCDE00DB1B9E /* LaunchScreen.storyboard in Resources */,
				C23EC7CF240EBCDE00DB1B9E /* Assets.xcassets in Resources */,
				C23EC7CD240EBCDD00DB1B9E /* Main.storyboard in Resources */,
			);
			runOnlyForDeploymentPostprocessing = 0;
		};
/* End PBXResourcesBuildPhase section */

/* Begin PBXSourcesBuildPhase section */
		C23EC7BE240EBCDD00DB1B9E /* Sources */ = {
			isa = PBXSourcesBuildPhase;
			buildActionMask = 2147483647;
			files = (
				C23EC7CA240EBCDD00DB1B9E /* ViewController.swift in Sources */,
				C23EC7C6240EBCDD00DB1B9E /* AppDelegate.swift in Sources */,
				C23EC7C8240EBCDD00DB1B9E /* SceneDelegate.swift in Sources */,
				C2FF1A9A241537B1003987A6 /* DetailsViewController.swift in Sources */,
			);
			runOnlyForDeploymentPostprocessing = 0;
		};
/* End PBXSourcesBuildPhase section */

/* Begin PBXVariantGroup section */
		C23EC7CB240EBCDD00DB1B9E /* Main.storyboard */ = {
			isa = PBXVariantGroup;
			children = (
				C23EC7CC240EBCDD00DB1B9E /* Base */,
			);
			name = Main.storyboard;
			sourceTree = "<group>";
		};
		C23EC7D0240EBCDE00DB1B9E /* LaunchScreen.storyboard */ = {
			isa = PBXVariantGroup;
			children = (
				C23EC7D1240EBCDE00DB1B9E /* Base */,
			);
			name = LaunchScreen.storyboard;
			sourceTree = "<group>";
		};
/* End PBXVariantGroup section */

/* Begin XCBuildConfiguration section */
		C23EC7D4240EBCDE00DB1B9E /* Debug */ = {
			isa = XCBuildConfiguration;
			buildSettings = {
				ALWAYS_SEARCH_USER_PATHS = NO;
				CLANG_ANALYZER_NONNULL = YES;
				CLANG_ANALYZER_NUMBER_OBJECT_CONVERSION = YES_AGGRESSIVE;
				CLANG_CXX_LANGUAGE_STANDARD = "gnu++14";
				CLANG_CXX_LIBRARY = "libc++";
				CLANG_ENABLE_MODULES = YES;
				CLANG_ENABLE_OBJC_ARC = YES;
				CLANG_ENABLE_OBJC_WEAK = YES;
				CLANG_WARN_BLOCK_CAPTURE_AUTORELEASING = YES;
				CLANG_WARN_BOOL_CONVERSION = YES;
				CLANG_WARN_COMMA = YES;
				CLANG_WARN_CONSTANT_CONVERSION = YES;
				CLANG_WARN_DEPRECATED_OBJC_IMPLEMENTATIONS = YES;
				CLANG_WARN_DIRECT_OBJC_ISA_USAGE = YES_ERROR;
				CLANG_WARN_DOCUMENTATION_COMMENTS = YES;
				CLANG_WARN_EMPTY_BODY = YES;
				CLANG_WARN_ENUM_CONVERSION = YES;
				CLANG_WARN_INFINITE_RECURSION = YES;
				CLANG_WARN_INT_CONVERSION = YES;
				CLANG_WARN_NON_LITERAL_NULL_CONVERSION = YES;
				CLANG_WARN_OBJC_IMPLICIT_RETAIN_SELF = YES;
				CLANG_WARN_OBJC_LITERAL_CONVERSION = YES;
				CLANG_WARN_OBJC_ROOT_CLASS = YES_ERROR;
				CLANG_WARN_RANGE_LOOP_ANALYSIS = YES;
				CLANG_WARN_STRICT_PROTOTYPES = YES;
				CLANG_WARN_SUSPICIOUS_MOVE = YES;
				CLANG_WARN_UNGUARDED_AVAILABILITY = YES_AGGRESSIVE;
				CLANG_WARN_UNREACHABLE_CODE = YES;
				CLANG_WARN__DUPLICATE_METHOD_MATCH = YES;
				COPY_PHASE_STRIP = NO;
				DEBUG_INFORMATION_FORMAT = dwarf;
				ENABLE_STRICT_OBJC_MSGSEND = YES;
				ENABLE_TESTABILITY = YES;
				GCC_C_LANGUAGE_STANDARD = gnu11;
				GCC_DYNAMIC_NO_PIC = NO;
				GCC_NO_COMMON_BLOCKS = YES;
				GCC_OPTIMIZATION_LEVEL = 0;
				GCC_PREPROCESSOR_DEFINITIONS = (
					"DEBUG=1",
					"$(inherited)",
				);
				GCC_WARN_64_TO_32_BIT_CONVERSION = YES;
				GCC_WARN_ABOUT_RETURN_TYPE = YES_ERROR;
				GCC_WARN_UNDECLARED_SELECTOR = YES;
				GCC_WARN_UNINITIALIZED_AUTOS = YES_AGGRESSIVE;
				GCC_WARN_UNUSED_FUNCTION = YES;
				GCC_WARN_UNUSED_VARIABLE = YES;
				IPHONEOS_DEPLOYMENT_TARGET = 13.2;
				MTL_ENABLE_DEBUG_INFO = INCLUDE_SOURCE;
				MTL_FAST_MATH = YES;
				ONLY_ACTIVE_ARCH = YES;
				SDKROOT = iphoneos;
				SWIFT_ACTIVE_COMPILATION_CONDITIONS = DEBUG;
				SWIFT_OPTIMIZATION_LEVEL = "-Onone";
			};
			name = Debug;
		};
		C23EC7D5240EBCDE00DB1B9E /* Release */ = {
			isa = XCBuildConfiguration;
			buildSettings = {
				ALWAYS_SEARCH_USER_PATHS = NO;
				CLANG_ANALYZER_NONNULL = YES;
				CLANG_ANALYZER_NUMBER_OBJECT_CONVERSION = YES_AGGRESSIVE;
				CLANG_CXX_LANGUAGE_STANDARD = "gnu++14";
				CLANG_CXX_LIBRARY = "libc++";
				CLANG_ENABLE_MODULES = YES;
				CLANG_ENABLE_OBJC_ARC = YES;
				CLANG_ENABLE_OBJC_WEAK = YES;
				CLANG_WARN_BLOCK_CAPTURE_AUTORELEASING = YES;
				CLANG_WARN_BOOL_CONVERSION = YES;
				CLANG_WARN_COMMA = YES;
				CLANG_WARN_CONSTANT_CONVERSION = YES;
				CLANG_WARN_DEPRECATED_OBJC_IMPLEMENTATIONS = YES;
				CLANG_WARN_DIRECT_OBJC_ISA_USAGE = YES_ERROR;
				CLANG_WARN_DOCUMENTATION_COMMENTS = YES;
				CLANG_WARN_EMPTY_BODY = YES;
				CLANG_WARN_ENUM_CONVERSION = YES;
				CLANG_WARN_INFINITE_RECURSION = YES;
				CLANG_WARN_INT_CONVERSION = YES;
				CLANG_WARN_NON_LITERAL_NULL_CONVERSION = YES;
				CLANG_WARN_OBJC_IMPLICIT_RETAIN_SELF = YES;
				CLANG_WARN_OBJC_LITERAL_CONVERSION = YES;
				CLANG_WARN_OBJC_ROOT_CLASS = YES_ERROR;
				CLANG_WARN_RANGE_LOOP_ANALYSIS = YES;
				CLANG_WARN_STRICT_PROTOTYPES = YES;
				CLANG_WARN_SUSPICIOUS_MOVE = YES;
				CLANG_WARN_UNGUARDED_AVAILABILITY = YES_AGGRESSIVE;
				CLANG_WARN_UNREACHABLE_CODE = YES;
				CLANG_WARN__DUPLICATE_METHOD_MATCH = YES;
				COPY_PHASE_STRIP = NO;
				DEBUG_INFORMATION_FORMAT = "dwarf-with-dsym";
				ENABLE_NS_ASSERTIONS = NO;
				ENABLE_STRICT_OBJC_MSGSEND = YES;
				GCC_C_LANGUAGE_STANDARD = gnu11;
				GCC_NO_COMMON_BLOCKS = YES;
				GCC_WARN_64_TO_32_BIT_CONVERSION = YES;
				GCC_WARN_ABOUT_RETURN_TYPE = YES_ERROR;
				GCC_WARN_UNDECLARED_SELECTOR = YES;
				GCC_WARN_UNINITIALIZED_AUTOS = YES_AGGRESSIVE;
				GCC_WARN_UNUSED_FUNCTION = YES;
				GCC_WARN_UNUSED_VARIABLE = YES;
				IPHONEOS_DEPLOYMENT_TARGET = 13.2;
				MTL_ENABLE_DEBUG_INFO = NO;
				MTL_FAST_MATH = YES;
				SDKROOT = iphoneos;
				SWIFT_COMPILATION_MODE = wholemodule;
				SWIFT_OPTIMIZATION_LEVEL = "-O";
				VALIDATE_PRODUCT = YES;
			};
			name = Release;
		};
		C23EC7D7240EBCDE00DB1B9E /* Debug */ = {
			isa = XCBuildConfiguration;
			buildSettings = {
				ASSETCATALOG_COMPILER_APPICON_NAME = AppIcon;
				CODE_SIGN_STYLE = Automatic;
				DEVELOPMENT_TEAM = 6P8Q9Q6J62;
				INFOPLIST_FILE = HTTPMethodsExample/Info.plist;
				LD_RUNPATH_SEARCH_PATHS = (
					"$(inherited)",
					"@executable_path/Frameworks",
				);
				PRODUCT_BUNDLE_IDENTIFIER = com.example.HTTPMethodsExample;
				PRODUCT_NAME = "$(TARGET_NAME)";
				SWIFT_VERSION = 5.0;
				TARGETED_DEVICE_FAMILY = "1,2";
			};
			name = Debug;
		};
		C23EC7D8240EBCDE00DB1B9E /* Release */ = {
			isa = XCBuildConfiguration;
			buildSettings = {
				ASSETCATALOG_COMPILER_APPICON_NAME = AppIcon;
				CODE_SIGN_STYLE = Automatic;
				DEVELOPMENT_TEAM = 6P8Q9Q6J62;
				INFOPLIST_FILE = HTTPMethodsExample/Info.plist;
				LD_RUNPATH_SEARCH_PATHS = (
					"$(inherited)",
					"@executable_path/Frameworks",
				);
				PRODUCT_BUNDLE_IDENTIFIER = com.example.HTTPMethodsExample;
				PRODUCT_NAME = "$(TARGET_NAME)";
				SWIFT_VERSION = 5.0;
				TARGETED_DEVICE_FAMILY = "1,2";
			};
			name = Release;
		};
/* End XCBuildConfiguration section */

/* Begin XCConfigurationList section */
		C23EC7BD240EBCDD00DB1B9E /* Build configuration list for PBXProject "HTTPMethodsExample" */ = {
			isa = XCConfigurationList;
			buildConfigurations = (
				C23EC7D4240EBCDE00DB1B9E /* Debug */,
				C23EC7D5240EBCDE00DB1B9E /* Release */,
			);
			defaultConfigurationIsVisible = 0;
			defaultConfigurationName = Release;
		};
		C23EC7D6240EBCDE00DB1B9E /* Build configuration list for PBXNativeTarget "HTTPMethodsExample" */ = {
			isa = XCConfigurationList;
			buildConfigurations = (
				C23EC7D7240EBCDE00DB1B9E /* Debug */,
				C23EC7D8240EBCDE00DB1B9E /* Release */,
			);
			defaultConfigurationIsVisible = 0;
			defaultConfigurationName = Release;
		};
/* End XCConfigurationList section */
	};
	rootObject = C23EC7BA240EBCDD00DB1B9E /* Project object */;
}
